
Microsoft Visual Studio Solution File, Format Version 12.00
# Visual Studio Version 16
VisualStudioVersion = 16.0.29709.97
MinimumVisualStudioVersion = 10.0.40219.1
Project("{FAE04EC0-301F-11D3-BF4B-00C04F79EFBC}") = "Topshelf-Quartz", "Topshelf-Quartz\Topshelf-Quartz.csproj", "{CFCC45AC-1BF1-45BB-9717-CA29EA34CB12}"
EndProject
Global
	GlobalSection(SolutionConfigurationPlatforms) = preSolution
		Debug|Any CPU = Debug|Any CPU
		Release|Any CPU = Release|Any CPU
	EndGlobalSection
	GlobalSection(ProjectConfigurationPlatforms) = postSolution
		{CFCC45AC-1BF1-45BB-9717-CA29EA34CB12}.Debug|Any CPU.ActiveCfg = Debug|Any CPU
		{CFCC45AC-1BF1-45BB-9717-CA29EA34CB12}.Debug|Any CPU.Build.0 = Debug|Any CPU
		{CFCC45AC-1BF1-45BB-9717-CA29EA34CB12}.Release|Any CPU.ActiveCfg = Release|Any CPU
		{CFCC45AC-1BF1-45BB-9717-CA29EA34CB12}.Release|Any CPU.Build.0 = Release|Any CPU
	EndGlobalSection
	GlobalSection(SolutionProperties) = preSolution
		HideSolutionNode = FALSE
	EndGlobalSection
	GlobalSection(ExtensibilityGlobals) = postSolution
		SolutionGuid = {D8AA93F3-F53E-4494-A3C0-ACC2FA863A40}
	EndGlobalSection
EndGlobal
